
Microsoft Visual Studio Solution File, Format Version 12.00
# Visual Studio 15
VisualStudioVersion = 15.0.26124.0
MinimumVisualStudioVersion = 15.0.26124.0
Project("{2150E333-8FDC-42A3-9474-1A3956D46DE8}") = "src", "src", "{A7143881-8FBC-4AE2-ABE9-D9BAFE0F598A}"
EndProject
Project("{FAE04EC0-301F-11D3-BF4B-00C04F79EFBC}") = "webAPI", "src\webAPI\webAPI.csproj", "{C6E8DE70-F1BB-403B-8A5A-69FF5A4E13A5}"
EndProject
Project("{2150E333-8FDC-42A3-9474-1A3956D46DE8}") = "tests", "tests", "{99358A1B-6820-4EE9-AF47-E89E246BD1C5}"
EndProject
Project("{FAE04EC0-301F-11D3-BF4B-00C04F79EFBC}") = "webAPI.Test", "tests\webAPI.Test\webAPI.Test.csproj", "{C86BF695-B41F-487C-B0F9-624F5AED7F50}"
EndProject
Global
	GlobalSection(SolutionConfigurationPlatforms) = preSolution
		Debug|Any CPU = Debug|Any CPU
		Debug|x64 = Debug|x64
		Debug|x86 = Debug|x86
		Release|Any CPU = Release|Any CPU
		Release|x64 = Release|x64
		Release|x86 = Release|x86
	EndGlobalSection
	GlobalSection(SolutionProperties) = preSolution
		HideSolutionNode = FALSE
	EndGlobalSection
	GlobalSection(ProjectConfigurationPlatforms) = postSolution
		{C6E8DE70-F1BB-403B-8A5A-69FF5A4E13A5}.Debug|Any CPU.ActiveCfg = Debug|Any CPU
		{C6E8DE70-F1BB-403B-8A5A-69FF5A4E13A5}.Debug|Any CPU.Build.0 = Debug|Any CPU
		{C6E8DE70-F1BB-403B-8A5A-69FF5A4E13A5}.Debug|x64.ActiveCfg = Debug|Any CPU
		{C6E8DE70-F1BB-403B-8A5A-69FF5A4E13A5}.Debug|x64.Build.0 = Debug|Any CPU
		{C6E8DE70-F1BB-403B-8A5A-69FF5A4E13A5}.Debug|x86.ActiveCfg = Debug|Any CPU
		{C6E8DE70-F1BB-403B-8A5A-69FF5A4E13A5}.Debug|x86.Build.0 = Debug|Any CPU
		{C6E8DE70-F1BB-403B-8A5A-69FF5A4E13A5}.Release|Any CPU.ActiveCfg = Release|Any CPU
		{C6E8DE70-F1BB-403B-8A5A-69FF5A4E13A5}.Release|Any CPU.Build.0 = Release|Any CPU
		{C6E8DE70-F1BB-403B-8A5A-69FF5A4E13A5}.Release|x64.ActiveCfg = Release|Any CPU
		{C6E8DE70-F1BB-403B-8A5A-69FF5A4E13A5}.Release|x64.Build.0 = Release|Any CPU
		{C6E8DE70-F1BB-403B-8A5A-69FF5A4E13A5}.Release|x86.ActiveCfg = Release|Any CPU
		{C6E8DE70-F1BB-403B-8A5A-69FF5A4E13A5}.Release|x86.Build.0 = Release|Any CPU
		{C86BF695-B41F-487C-B0F9-624F5AED7F50}.Debug|Any CPU.ActiveCfg = Debug|Any CPU
		{C86BF695-B41F-487C-B0F9-624F5AED7F50}.Debug|Any CPU.Build.0 = Debug|Any CPU
		{C86BF695-B41F-487C-B0F9-624F5AED7F50}.Debug|x64.ActiveCfg = Debug|Any CPU
		{C86BF695-B41F-487C-B0F9-624F5AED7F50}.Debug|x64.Build.0 = Debug|Any CPU
		{C86BF695-B41F-487C-B0F9-624F5AED7F50}.Debug|x86.ActiveCfg = Debug|Any CPU
		{C86BF695-B41F-487C-B0F9-624F5AED7F50}.Debug|x86.Build.0 = Debug|Any CPU
		{C86BF695-B41F-487C-B0F9-624F5AED7F50}.Release|Any CPU.ActiveCfg = Release|Any CPU
		{C86BF695-B41F-487C-B0F9-624F5AED7F50}.Release|Any CPU.Build.0 = Release|Any CPU
		{C86BF695-B41F-487C-B0F9-624F5AED7F50}.Release|x64.ActiveCfg = Release|Any CPU
		{C86BF695-B41F-487C-B0F9-624F5AED7F50}.Release|x64.Build.0 = Release|Any CPU
		{C86BF695-B41F-487C-B0F9-624F5AED7F50}.Release|x86.ActiveCfg = Release|Any CPU
		{C86BF695-B41F-487C-B0F9-624F5AED7F50}.Release|x86.Build.0 = Release|Any CPU
	EndGlobalSection
	GlobalSection(NestedProjects) = preSolution
		{C6E8DE70-F1BB-403B-8A5A-69FF5A4E13A5} = {A7143881-8FBC-4AE2-ABE9-D9BAFE0F598A}
		{C86BF695-B41F-487C-B0F9-624F5AED7F50} = {99358A1B-6820-4EE9-AF47-E89E246BD1C5}
	EndGlobalSection
EndGlobal
